
Microsoft Visual Studio Solution File, Format Version 12.00
# Visual Studio Version 16
VisualStudioVersion = 16.0.30011.22
MinimumVisualStudioVersion = 10.0.40219.1
Project("{FAE04EC0-301F-11D3-BF4B-00C04F79EFBC}") = "HCI_wpf_Andjela_Paunovic", "HCI_wpf_Andjela_Paunovic\HCI_wpf_Andjela_Paunovic.csproj", "{9A8A7625-E825-4D3A-A6F3-04AC9703311F}"
EndProject
Global
	GlobalSection(SolutionConfigurationPlatforms) = preSolution
		Debug|Any CPU = Debug|Any CPU
		Release|Any CPU = Release|Any CPU
	EndGlobalSection
	GlobalSection(ProjectConfigurationPlatforms) = postSolution
		{9A8A7625-E825-4D3A-A6F3-04AC9703311F}.Debug|Any CPU.ActiveCfg = Debug|Any CPU
		{9A8A7625-E825-4D3A-A6F3-04AC9703311F}.Debug|Any CPU.Build.0 = Debug|Any CPU
		{9A8A7625-E825-4D3A-A6F3-04AC9703311F}.Release|Any CPU.ActiveCfg = Release|Any CPU
		{9A8A7625-E825-4D3A-A6F3-04AC9703311F}.Release|Any CPU.Build.0 = Release|Any CPU
	EndGlobalSection
	GlobalSection(SolutionProperties) = preSolution
		HideSolutionNode = FALSE
	EndGlobalSection
	GlobalSection(ExtensibilityGlobals) = postSolution
		SolutionGuid = {34C02652-B92E-44D2-9CEC-B21A0FED424E}
	EndGlobalSection
EndGlobal
